// !$*UTF8*$!
{
	archiveVersion = 1;
	classes = {
	};
	objectVersion = 46;
	objects = {

/* Begin PBXBuildFile section */
		5C63734E1D3F44E80064E0FF /* main.m in Sources */ = {isa = PBXBuildFile; fileRef = 5C63734D1D3F44E80064E0FF /* main.m */; };
		5C6373511D3F44E80064E0FF /* AppDelegate.m in Sources */ = {isa = PBXBuildFile; fileRef = 5C6373501D3F44E80064E0FF /* AppDelegate.m */; };
		5C6373571D3F44E80064E0FF /* Main.storyboard in Resources */ = {isa = PBXBuildFile; fileRef = 5C6373551D3F44E80064E0FF /* Main.storyboard */; };
		5C6373591D3F44E80064E0FF /* Assets.xcassets in Resources */ = {isa = PBXBuildFile; fileRef = 5C6373581D3F44E80064E0FF /* Assets.xcassets */; };
		5C63735C1D3F44E80064E0FF /* LaunchScreen.storyboard in Resources */ = {isa = PBXBuildFile; fileRef = 5C63735A1D3F44E80064E0FF /* LaunchScreen.storyboard */; };
		5C6373671D3F44E80064E0FF /* RFKitDemoTests.m in Sources */ = {isa = PBXBuildFile; fileRef = 5C6373661D3F44E80064E0FF /* RFKitDemoTests.m */; };
		5C6373721D3F44E80064E0FF /* RFKitDemoUITests.m in Sources */ = {isa = PBXBuildFile; fileRef = 5C6373711D3F44E80064E0FF /* RFKitDemoUITests.m */; };
		5C6373841D3F46A40064E0FF /* RFRootViewController.m in Sources */ = {isa = PBXBuildFile; fileRef = 5C6373831D3F46A40064E0FF /* RFRootViewController.m */; };
		5C63738A1D3F484C0064E0FF /* NSString+RFAdd.m in Sources */ = {isa = PBXBuildFile; fileRef = 5C6373891D3F484C0064E0FF /* NSString+RFAdd.m */; };
		5C63738D1D3F4A870064E0FF /* FoundtionViewController.m in Sources */ = {isa = PBXBuildFile; fileRef = 5C63738C1D3F4A870064E0FF /* FoundtionViewController.m */; };
		5C6373911D3F4CD90064E0FF /* UIDevice+RFAdd.m in Sources */ = {isa = PBXBuildFile; fileRef = 5C6373901D3F4CD90064E0FF /* UIDevice+RFAdd.m */; };
		5C6373951D3F52340064E0FF /* UIView+RFAdd.m in Sources */ = {isa = PBXBuildFile; fileRef = 5C6373941D3F52340064E0FF /* UIView+RFAdd.m */; };
		5C6373981D3F668E0064E0FF /* NSDate+RFAdd.m in Sources */ = {isa = PBXBuildFile; fileRef = 5C6373971D3F668E0064E0FF /* NSDate+RFAdd.m */; };
		5C63739B1D3F87020064E0FF /* UIKitViewController.m in Sources */ = {isa = PBXBuildFile; fileRef = 5C63739A1D3F87020064E0FF /* UIKitViewController.m */; };
/* End PBXBuildFile section */

/* Begin PBXContainerItemProxy section */
		5C6373631D3F44E80064E0FF /* PBXContainerItemProxy */ = {
			isa = PBXContainerItemProxy;
			containerPortal = 5C6373411D3F44E80064E0FF /* Project object */;
			proxyType = 1;
			remoteGlobalIDString = 5C6373481D3F44E80064E0FF;
			remoteInfo = RFKitDemo;
		};
		5C63736E1D3F44E80064E0FF /* PBXContainerItemProxy */ = {
			isa = PBXContainerItemProxy;
			containerPortal = 5C6373411D3F44E80064E0FF /* Project object */;
			proxyType = 1;
			remoteGlobalIDString = 5C6373481D3F44E80064E0FF;
			remoteInfo = RFKitDemo;
		};
/* End PBXContainerItemProxy section */

/* Begin PBXFileReference section */
		5C6373491D3F44E80064E0FF /* RFKitDemo.app */ = {isa = PBXFileReference; explicitFileType = wrapper.application; includeInIndex = 0; path = RFKitDemo.app; sourceTree = BUILT_PRODUCTS_DIR; };
		5C63734D1D3F44E80064E0FF /* main.m */ = {isa = PBXFileReference; lastKnownFileType = sourcecode.c.objc; path = main.m; sourceTree = "<group>"; };
		5C63734F1D3F44E80064E0FF /* AppDelegate.h */ = {isa = PBXFileReference; lastKnownFileType = sourcecode.c.h; path = AppDelegate.h; sourceTree = "<group>"; };
		5C6373501D3F44E80064E0FF /* AppDelegate.m */ = {isa = PBXFileReference; lastKnownFileType = sourcecode.c.objc; path = AppDelegate.m; sourceTree = "<group>"; };
		5C6373561D3F44E80064E0FF /* Base */ = {isa = PBXFileReference; lastKnownFileType = file.storyboard; name = Base; path = Base.lproj/Main.storyboard; sourceTree = "<group>"; };
		5C6373581D3F44E80064E0FF /* Assets.xcassets */ = {isa = PBXFileReference; lastKnownFileType = folder.assetcatalog; path = Assets.xcassets; sourceTree = "<group>"; };
		5C63735B1D3F44E80064E0FF /* Base */ = {isa = PBXFileReference; lastKnownFileType = file.storyboard; name = Base; path = Base.lproj/LaunchScreen.storyboard; sourceTree = "<group>"; };
		5C63735D1D3F44E80064E0FF /* Info.plist */ = {isa = PBXFileReference; lastKnownFileType = text.plist.xml; path = Info.plist; sourceTree = "<group>"; };
		5C6373621D3F44E80064E0FF /* RFKitDemoTests.xctest */ = {isa = PBXFileReference; explicitFileType = wrapper.cfbundle; includeInIndex = 0; path = RFKitDemoTests.xctest; sourceTree = BUILT_PRODUCTS_DIR; };
		5C6373661D3F44E80064E0FF /* RFKitDemoTests.m */ = {isa = PBXFileReference; lastKnownFileType = sourcecode.c.objc; path = RFKitDemoTests.m; sourceTree = "<group>"; };
		5C6373681D3F44E80064E0FF /* Info.plist */ = {isa = PBXFileReference; lastKnownFileType = text.plist.xml; path = Info.plist; sourceTree = "<group>"; };
		5C63736D1D3F44E80064E0FF /* RFKitDemoUITests.xctest */ = {isa = PBXFileReference; explicitFileType = wrapper.cfbundle; includeInIndex = 0; path = RFKitDemoUITests.xctest; sourceTree = BUILT_PRODUCTS_DIR; };
		5C6373711D3F44E80064E0FF /* RFKitDemoUITests.m */ = {isa = PBXFileReference; lastKnownFileType = sourcecode.c.objc; path = RFKitDemoUITests.m; sourceTree = "<group>"; };
		5C6373731D3F44E80064E0FF /* Info.plist */ = {isa = PBXFileReference; lastKnownFileType = text.plist.xml; path = Info.plist; sourceTree = "<group>"; };
		5C6373821D3F46A40064E0FF /* RFRootViewController.h */ = {isa = PBXFileReference; fileEncoding = 4; lastKnownFileType = sourcecode.c.h; path = RFRootViewController.h; sourceTree = "<group>"; };
		5C6373831D3F46A40064E0FF /* RFRootViewController.m */ = {isa = PBXFileReference; fileEncoding = 4; lastKnownFileType = sourcecode.c.objc; path = RFRootViewController.m; sourceTree = "<group>"; };
		5C6373871D3F480A0064E0FF /* RFKit.h */ = {isa = PBXFileReference; lastKnownFileType = sourcecode.c.h; path = RFKit.h; sourceTree = "<group>"; };
		5C6373881D3F484C0064E0FF /* NSString+RFAdd.h */ = {isa = PBXFileReference; fileEncoding = 4; lastKnownFileType = sourcecode.c.h; path = "NSString+RFAdd.h"; sourceTree = "<group>"; };
		5C6373891D3F484C0064E0FF /* NSString+RFAdd.m */ = {isa = PBXFileReference; fileEncoding = 4; lastKnownFileType = sourcecode.c.objc; path = "NSString+RFAdd.m"; sourceTree = "<group>"; };
		5C63738B1D3F4A870064E0FF /* FoundtionViewController.h */ = {isa = PBXFileReference; fileEncoding = 4; lastKnownFileType = sourcecode.c.h; path = FoundtionViewController.h; sourceTree = "<group>"; };
		5C63738C1D3F4A870064E0FF /* FoundtionViewController.m */ = {isa = PBXFileReference; fileEncoding = 4; lastKnownFileType = sourcecode.c.objc; path = FoundtionViewController.m; sourceTree = "<group>"; };
		5C63738F1D3F4CD90064E0FF /* UIDevice+RFAdd.h */ = {isa = PBXFileReference; fileEncoding = 4; lastKnownFileType = sourcecode.c.h; path = "UIDevice+RFAdd.h"; sourceTree = "<group>"; };
		5C6373901D3F4CD90064E0FF /* UIDevice+RFAdd.m */ = {isa = PBXFileReference; fileEncoding = 4; lastKnownFileType = sourcecode.c.objc; path = "UIDevice+RFAdd.m"; sourceTree = "<group>"; };
		5C6373921D3F51550064E0FF /* RFKitMacro.h */ = {isa = PBXFileReference; lastKnownFileType = sourcecode.c.h; path = RFKitMacro.h; sourceTree = "<group>"; };
		5C6373931D3F52340064E0FF /* UIView+RFAdd.h */ = {isa = PBXFileReference; fileEncoding = 4; lastKnownFileType = sourcecode.c.h; path = "UIView+RFAdd.h"; sourceTree = "<group>"; };
		5C6373941D3F52340064E0FF /* UIView+RFAdd.m */ = {isa = PBXFileReference; fileEncoding = 4; lastKnownFileType = sourcecode.c.objc; path = "UIView+RFAdd.m"; sourceTree = "<group>"; };
		5C6373961D3F668E0064E0FF /* NSDate+RFAdd.h */ = {isa = PBXFileReference; fileEncoding = 4; lastKnownFileType = sourcecode.c.h; path = "NSDate+RFAdd.h"; sourceTree = "<group>"; };
		5C6373971D3F668E0064E0FF /* NSDate+RFAdd.m */ = {isa = PBXFileReference; fileEncoding = 4; lastKnownFileType = sourcecode.c.objc; path = "NSDate+RFAdd.m"; sourceTree = "<group>"; };
		5C6373991D3F87020064E0FF /* UIKitViewController.h */ = {isa = PBXFileReference; fileEncoding = 4; lastKnownFileType = sourcecode.c.h; path = UIKitViewController.h; sourceTree = "<group>"; };
		5C63739A1D3F87020064E0FF /* UIKitViewController.m */ = {isa = PBXFileReference; fileEncoding = 4; lastKnownFileType = sourcecode.c.objc; path = UIKitViewController.m; sourceTree = "<group>"; };
/* End PBXFileReference section */

/* Begin PBXFrameworksBuildPhase section */
		5C6373461D3F44E80064E0FF /* Frameworks */ = {
			isa = PBXFrameworksBuildPhase;
			buildActionMask = 2147483647;
			files = (
			);
			runOnlyForDeploymentPostprocessing = 0;
		};
		5C63735F1D3F44E80064E0FF /* Frameworks */ = {
			isa = PBXFrameworksBuildPhase;
			buildActionMask = 2147483647;
			files = (
			);
			runOnlyForDeploymentPostprocessing = 0;
		};
		5C63736A1D3F44E80064E0FF /* Frameworks */ = {
			isa = PBXFrameworksBuildPhase;
			buildActionMask = 2147483647;
			files = (
			);
			runOnlyForDeploymentPostprocessing = 0;
		};
/* End PBXFrameworksBuildPhase section */

/* Begin PBXGroup section */
		5C6373401D3F44E80064E0FF = {
			isa = PBXGroup;
			children = (
				5C6373851D3F47F00064E0FF /* RFKit */,
				5C63734B1D3F44E80064E0FF /* RFKitDemo */,
				5C6373651D3F44E80064E0FF /* RFKitDemoTests */,
				5C6373701D3F44E80064E0FF /* RFKitDemoUITests */,
				5C63734A1D3F44E80064E0FF /* Products */,
			);
			sourceTree = "<group>";
		};
		5C63734A1D3F44E80064E0FF /* Products */ = {
			isa = PBXGroup;
			children = (
				5C6373491D3F44E80064E0FF /* RFKitDemo.app */,
				5C6373621D3F44E80064E0FF /* RFKitDemoTests.xctest */,
				5C63736D1D3F44E80064E0FF /* RFKitDemoUITests.xctest */,
			);
			name = Products;
			sourceTree = "<group>";
		};
		5C63734B1D3F44E80064E0FF /* RFKitDemo */ = {
			isa = PBXGroup;
			children = (
				5C63734F1D3F44E80064E0FF /* AppDelegate.h */,
				5C6373501D3F44E80064E0FF /* AppDelegate.m */,
				5C6373821D3F46A40064E0FF /* RFRootViewController.h */,
				5C6373831D3F46A40064E0FF /* RFRootViewController.m */,
				5C63739D1D3F879D0064E0FF /* FoundationFile */,
				5C63739C1D3F874E0064E0FF /* UIKitFile */,
				5C6373551D3F44E80064E0FF /* Main.storyboard */,
				5C6373581D3F44E80064E0FF /* Assets.xcassets */,
				5C63735A1D3F44E80064E0FF /* LaunchScreen.storyboard */,
				5C63735D1D3F44E80064E0FF /* Info.plist */,
				5C63734C1D3F44E80064E0FF /* Supporting Files */,
			);
			path = RFKitDemo;
			sourceTree = "<group>";
		};
		5C63734C1D3F44E80064E0FF /* Supporting Files */ = {
			isa = PBXGroup;
			children = (
				5C63734D1D3F44E80064E0FF /* main.m */,
			);
			name = "Supporting Files";
			sourceTree = "<group>";
		};
		5C6373651D3F44E80064E0FF /* RFKitDemoTests */ = {
			isa = PBXGroup;
			children = (
				5C6373661D3F44E80064E0FF /* RFKitDemoTests.m */,
				5C6373681D3F44E80064E0FF /* Info.plist */,
			);
			path = RFKitDemoTests;
			sourceTree = "<group>";
		};
		5C6373701D3F44E80064E0FF /* RFKitDemoUITests */ = {
			isa = PBXGroup;
			children = (
				5C6373711D3F44E80064E0FF /* RFKitDemoUITests.m */,
				5C6373731D3F44E80064E0FF /* Info.plist */,
			);
			path = RFKitDemoUITests;
			sourceTree = "<group>";
		};
		5C6373851D3F47F00064E0FF /* RFKit */ = {
			isa = PBXGroup;
			children = (
				5C6373871D3F480A0064E0FF /* RFKit.h */,
				5C6373921D3F51550064E0FF /* RFKitMacro.h */,
				5C6373861D3F47F00064E0FF /* Foundation */,
				5C63738E1D3F4CBE0064E0FF /* UIKit */,
			);
			path = RFKit;
			sourceTree = "<group>";
		};
		5C6373861D3F47F00064E0FF /* Foundation */ = {
			isa = PBXGroup;
			children = (
				5C6373881D3F484C0064E0FF /* NSString+RFAdd.h */,
				5C6373891D3F484C0064E0FF /* NSString+RFAdd.m */,
				5C6373961D3F668E0064E0FF /* NSDate+RFAdd.h */,
				5C6373971D3F668E0064E0FF /* NSDate+RFAdd.m */,
			);
			path = Foundation;
			sourceTree = "<group>";
		};
		5C63738E1D3F4CBE0064E0FF /* UIKit */ = {
			isa = PBXGroup;
			children = (
				5C63738F1D3F4CD90064E0FF /* UIDevice+RFAdd.h */,
				5C6373901D3F4CD90064E0FF /* UIDevice+RFAdd.m */,
				5C6373931D3F52340064E0FF /* UIView+RFAdd.h */,
				5C6373941D3F52340064E0FF /* UIView+RFAdd.m */,
			);
			path = UIKit;
			sourceTree = "<group>";
		};
		5C63739C1D3F874E0064E0FF /* UIKitFile */ = {
			isa = PBXGroup;
			children = (
				5C6373991D3F87020064E0FF /* UIKitViewController.h */,
				5C63739A1D3F87020064E0FF /* UIKitViewController.m */,
			);
			name = UIKitFile;
			sourceTree = "<group>";
		};
		5C63739D1D3F879D0064E0FF /* FoundationFile */ = {
			isa = PBXGroup;
			children = (
				5C63738B1D3F4A870064E0FF /* FoundtionViewController.h */,
				5C63738C1D3F4A870064E0FF /* FoundtionViewController.m */,
			);
			name = FoundationFile;
			sourceTree = "<group>";
		};
/* End PBXGroup section */

/* Begin PBXNativeTarget section */
		5C6373481D3F44E80064E0FF /* RFKitDemo */ = {
			isa = PBXNativeTarget;
			buildConfigurationList = 5C6373761D3F44E80064E0FF /* Build configuration list for PBXNativeTarget "RFKitDemo" */;
			buildPhases = (
				5C6373451D3F44E80064E0FF /* Sources */,
				5C6373461D3F44E80064E0FF /* Frameworks */,
				5C6373471D3F44E80064E0FF /* Resources */,
			);
			buildRules = (
			);
			dependencies = (
			);
			name = RFKitDemo;
			productName = RFKitDemo;
			productReference = 5C6373491D3F44E80064E0FF /* RFKitDemo.app */;
			productType = "com.apple.product-type.application";
		};
		5C6373611D3F44E80064E0FF /* RFKitDemoTests */ = {
			isa = PBXNativeTarget;
			buildConfigurationList = 5C6373791D3F44E80064E0FF /* Build configuration list for PBXNativeTarget "RFKitDemoTests" */;
			buildPhases = (
				5C63735E1D3F44E80064E0FF /* Sources */,
				5C63735F1D3F44E80064E0FF /* Frameworks */,
				5C6373601D3F44E80064E0FF /* Resources */,
			);
			buildRules = (
			);
			dependencies = (
				5C6373641D3F44E80064E0FF /* PBXTargetDependency */,
			);
			name = RFKitDemoTests;
			productName = RFKitDemoTests;
			productReference = 5C6373621D3F44E80064E0FF /* RFKitDemoTests.xctest */;
			productType = "com.apple.product-type.bundle.unit-test";
		};
		5C63736C1D3F44E80064E0FF /* RFKitDemoUITests */ = {
			isa = PBXNativeTarget;
			buildConfigurationList = 5C63737C1D3F44E80064E0FF /* Build configuration list for PBXNativeTarget "RFKitDemoUITests" */;
			buildPhases = (
				5C6373691D3F44E80064E0FF /* Sources */,
				5C63736A1D3F44E80064E0FF /* Frameworks */,
				5C63736B1D3F44E80064E0FF /* Resources */,
			);
			buildRules = (
			);
			dependencies = (
				5C63736F1D3F44E80064E0FF /* PBXTargetDependency */,
			);
			name = RFKitDemoUITests;
			productName = RFKitDemoUITests;
			productReference = 5C63736D1D3F44E80064E0FF /* RFKitDemoUITests.xctest */;
			productType = "com.apple.product-type.bundle.ui-testing";
		};
/* End PBXNativeTarget section */

/* Begin PBXProject section */
		5C6373411D3F44E80064E0FF /* Project object */ = {
			isa = PBXProject;
			attributes = {
				LastUpgradeCheck = 0730;
				ORGANIZATIONNAME = RockyFung;
				TargetAttributes = {
					5C6373481D3F44E80064E0FF = {
						CreatedOnToolsVersion = 7.3.1;
					};
					5C6373611D3F44E80064E0FF = {
						CreatedOnToolsVersion = 7.3.1;
						TestTargetID = 5C6373481D3F44E80064E0FF;
					};
					5C63736C1D3F44E80064E0FF = {
						CreatedOnToolsVersion = 7.3.1;
						TestTargetID = 5C6373481D3F44E80064E0FF;
					};
				};
			};
			buildConfigurationList = 5C6373441D3F44E80064E0FF /* Build configuration list for PBXProject "RFKitDemo" */;
			compatibilityVersion = "Xcode 3.2";
			developmentRegion = English;
			hasScannedForEncodings = 0;
			knownRegions = (
				en,
				Base,
			);
			mainGroup = 5C6373401D3F44E80064E0FF;
			productRefGroup = 5C63734A1D3F44E80064E0FF /* Products */;
			projectDirPath = "";
			projectRoot = "";
			targets = (
				5C6373481D3F44E80064E0FF /* RFKitDemo */,
				5C6373611D3F44E80064E0FF /* RFKitDemoTests */,
				5C63736C1D3F44E80064E0FF /* RFKitDemoUITests */,
			);
		};
/* End PBXProject section */

/* Begin PBXResourcesBuildPhase section */
		5C6373471D3F44E80064E0FF /* Resources */ = {
			isa = PBXResourcesBuildPhase;
			buildActionMask = 2147483647;
			files = (
				5C63735C1D3F44E80064E0FF /* LaunchScreen.storyboard in Resources */,
				5C6373591D3F44E80064E0FF /* Assets.xcassets in Resources */,
				5C6373571D3F44E80064E0FF /* Main.storyboard in Resources */,
			);
			runOnlyForDeploymentPostprocessing = 0;
		};
		5C6373601D3F44E80064E0FF /* Resources */ = {
			isa = PBXResourcesBuildPhase;
			buildActionMask = 2147483647;
			files = (
			);
			runOnlyForDeploymentPostprocessing = 0;
		};
		5C63736B1D3F44E80064E0FF /* Resources */ = {
			isa = PBXResourcesBuildPhase;
			buildActionMask = 2147483647;
			files = (
			);
			runOnlyForDeploymentPostprocessing = 0;
		};
/* End PBXResourcesBuildPhase section */

/* Begin PBXSourcesBuildPhase section */
		5C6373451D3F44E80064E0FF /* Sources */ = {
			isa = PBXSourcesBuildPhase;
			buildActionMask = 2147483647;
			files = (
				5C63739B1D3F87020064E0FF /* UIKitViewController.m in Sources */,
				5C63738D1D3F4A870064E0FF /* FoundtionViewController.m in Sources */,
				5C6373841D3F46A40064E0FF /* RFRootViewController.m in Sources */,
				5C6373511D3F44E80064E0FF /* AppDelegate.m in Sources */,
				5C6373951D3F52340064E0FF /* UIView+RFAdd.m in Sources */,
				5C6373981D3F668E0064E0FF /* NSDate+RFAdd.m in Sources */,
				5C6373911D3F4CD90064E0FF /* UIDevice+RFAdd.m in Sources */,
				5C63734E1D3F44E80064E0FF /* main.m in Sources */,
				5C63738A1D3F484C0064E0FF /* NSString+RFAdd.m in Sources */,
			);
			runOnlyForDeploymentPostprocessing = 0;
		};
		5C63735E1D3F44E80064E0FF /* Sources */ = {
			isa = PBXSourcesBuildPhase;
			buildActionMask = 2147483647;
			files = (
				5C6373671D3F44E80064E0FF /* RFKitDemoTests.m in Sources */,
			);
			runOnlyForDeploymentPostprocessing = 0;
		};
		5C6373691D3F44E80064E0FF /* Sources */ = {
			isa = PBXSourcesBuildPhase;
			buildActionMask = 2147483647;
			files = (
				5C6373721D3F44E80064E0FF /* RFKitDemoUITests.m in Sources */,
			);
			runOnlyForDeploymentPostprocessing = 0;
		};
/* End PBXSourcesBuildPhase section */

/* Begin PBXTargetDependency section */
		5C6373641D3F44E80064E0FF /* PBXTargetDependency */ = {
			isa = PBXTargetDependency;
			target = 5C6373481D3F44E80064E0FF /* RFKitDemo */;
			targetProxy = 5C6373631D3F44E80064E0FF /* PBXContainerItemProxy */;
		};
		5C63736F1D3F44E80064E0FF /* PBXTargetDependency */ = {
			isa = PBXTargetDependency;
			target = 5C6373481D3F44E80064E0FF /* RFKitDemo */;
			targetProxy = 5C63736E1D3F44E80064E0FF /* PBXContainerItemProxy */;
		};
/* End PBXTargetDependency section */

/* Begin PBXVariantGroup section */
		5C6373551D3F44E80064E0FF /* Main.storyboard */ = {
			isa = PBXVariantGroup;
			children = (
				5C6373561D3F44E80064E0FF /* Base */,
			);
			name = Main.storyboard;
			sourceTree = "<group>";
		};
		5C63735A1D3F44E80064E0FF /* LaunchScreen.storyboard */ = {
			isa = PBXVariantGroup;
			children = (
				5C63735B1D3F44E80064E0FF /* Base */,
			);
			name = LaunchScreen.storyboard;
			sourceTree = "<group>";
		};
/* End PBXVariantGroup section */

/* Begin XCBuildConfiguration section */
		5C6373741D3F44E80064E0FF /* Debug */ = {
			isa = XCBuildConfiguration;
			buildSettings = {
				ALWAYS_SEARCH_USER_PATHS = NO;
				CLANG_ANALYZER_NONNULL = YES;
				CLANG_CXX_LANGUAGE_STANDARD = "gnu++0x";
				CLANG_CXX_LIBRARY = "libc++";
				CLANG_ENABLE_MODULES = YES;
				CLANG_ENABLE_OBJC_ARC = YES;
				CLANG_WARN_BOOL_CONVERSION = YES;
				CLANG_WARN_CONSTANT_CONVERSION = YES;
				CLANG_WARN_DIRECT_OBJC_ISA_USAGE = YES_ERROR;
				CLANG_WARN_EMPTY_BODY = YES;
				CLANG_WARN_ENUM_CONVERSION = YES;
				CLANG_WARN_INT_CONVERSION = YES;
				CLANG_WARN_OBJC_ROOT_CLASS = YES_ERROR;
				CLANG_WARN_UNREACHABLE_CODE = YES;
				CLANG_WARN__DUPLICATE_METHOD_MATCH = YES;
				"CODE_SIGN_IDENTITY[sdk=iphoneos*]" = "iPhone Developer";
				COPY_PHASE_STRIP = NO;
				DEBUG_INFORMATION_FORMAT = dwarf;
				ENABLE_STRICT_OBJC_MSGSEND = YES;
				ENABLE_TESTABILITY = YES;
				GCC_C_LANGUAGE_STANDARD = gnu99;
				GCC_DYNAMIC_NO_PIC = NO;
				GCC_NO_COMMON_BLOCKS = YES;
				GCC_OPTIMIZATION_LEVEL = 0;
				GCC_PREPROCESSOR_DEFINITIONS = (
					"DEBUG=1",
					"$(inherited)",
				);
				GCC_WARN_64_TO_32_BIT_CONVERSION = YES;
				GCC_WARN_ABOUT_RETURN_TYPE = YES_ERROR;
				GCC_WARN_UNDECLARED_SELECTOR = YES;
				GCC_WARN_UNINITIALIZED_AUTOS = YES_AGGRESSIVE;
				GCC_WARN_UNUSED_FUNCTION = YES;
				GCC_WARN_UNUSED_VARIABLE = YES;
				IPHONEOS_DEPLOYMENT_TARGET = 9.3;
				MTL_ENABLE_DEBUG_INFO = YES;
				ONLY_ACTIVE_ARCH = YES;
				SDKROOT = iphoneos;
				TARGETED_DEVICE_FAMILY = "1,2";
			};
			name = Debug;
		};
		5C6373751D3F44E80064E0FF /* Release */ = {
			isa = XCBuildConfiguration;
			buildSettings = {
				ALWAYS_SEARCH_USER_PATHS = NO;
				CLANG_ANALYZER_NONNULL = YES;
				CLANG_CXX_LANGUAGE_STANDARD = "gnu++0x";
				CLANG_CXX_LIBRARY = "libc++";
				CLANG_ENABLE_MODULES = YES;
				CLANG_ENABLE_OBJC_ARC = YES;
				CLANG_WARN_BOOL_CONVERSION = YES;
				CLANG_WARN_CONSTANT_CONVERSION = YES;
				CLANG_WARN_DIRECT_OBJC_ISA_USAGE = YES_ERROR;
				CLANG_WARN_EMPTY_BODY = YES;
				CLANG_WARN_ENUM_CONVERSION = YES;
				CLANG_WARN_INT_CONVERSION = YES;
				CLANG_WARN_OBJC_ROOT_CLASS = YES_ERROR;
				CLANG_WARN_UNREACHABLE_CODE = YES;
				CLANG_WARN__DUPLICATE_METHOD_MATCH = YES;
				"CODE_SIGN_IDENTITY[sdk=iphoneos*]" = "iPhone Developer";
				COPY_PHASE_STRIP = NO;
				DEBUG_INFORMATION_FORMAT = "dwarf-with-dsym";
				ENABLE_NS_ASSERTIONS = NO;
				ENABLE_STRICT_OBJC_MSGSEND = YES;
				GCC_C_LANGUAGE_STANDARD = gnu99;
				GCC_NO_COMMON_BLOCKS = YES;
				GCC_WARN_64_TO_32_BIT_CONVERSION = YES;
				GCC_WARN_ABOUT_RETURN_TYPE = YES_ERROR;
				GCC_WARN_UNDECLARED_SELECTOR = YES;
				GCC_WARN_UNINITIALIZED_AUTOS = YES_AGGRESSIVE;
				GCC_WARN_UNUSED_FUNCTION = YES;
				GCC_WARN_UNUSED_VARIABLE = YES;
				IPHONEOS_DEPLOYMENT_TARGET = 9.3;
				MTL_ENABLE_DEBUG_INFO = NO;
				SDKROOT = iphoneos;
				TARGETED_DEVICE_FAMILY = "1,2";
				VALIDATE_PRODUCT = YES;
			};
			name = Release;
		};
		5C6373771D3F44E80064E0FF /* Debug */ = {
			isa = XCBuildConfiguration;
			buildSettings = {
				ASSETCATALOG_COMPILER_APPICON_NAME = AppIcon;
				INFOPLIST_FILE = RFKitDemo/Info.plist;
				LD_RUNPATH_SEARCH_PATHS = "$(inherited) @executable_path/Frameworks";
				PRODUCT_BUNDLE_IDENTIFIER = RockyFung.RFKitDemo;
				PRODUCT_NAME = "$(TARGET_NAME)";
			};
			name = Debug;
		};
		5C6373781D3F44E80064E0FF /* Release */ = {
			isa = XCBuildConfiguration;
			buildSettings = {
				ASSETCATALOG_COMPILER_APPICON_NAME = AppIcon;
				INFOPLIST_FILE = RFKitDemo/Info.plist;
				LD_RUNPATH_SEARCH_PATHS = "$(inherited) @executable_path/Frameworks";
				PRODUCT_BUNDLE_IDENTIFIER = RockyFung.RFKitDemo;
				PRODUCT_NAME = "$(TARGET_NAME)";
			};
			name = Release;
		};
		5C63737A1D3F44E80064E0FF /* Debug */ = {
			isa = XCBuildConfiguration;
			buildSettings = {
				BUNDLE_LOADER = "$(TEST_HOST)";
				INFOPLIST_FILE = RFKitDemoTests/Info.plist;
				LD_RUNPATH_SEARCH_PATHS = "$(inherited) @executable_path/Frameworks @loader_path/Frameworks";
				PRODUCT_BUNDLE_IDENTIFIER = RockyFung.RFKitDemoTests;
				PRODUCT_NAME = "$(TARGET_NAME)";
				TEST_HOST = "$(BUILT_PRODUCTS_DIR)/RFKitDemo.app/RFKitDemo";
			};
			name = Debug;
		};
		5C63737B1D3F44E80064E0FF /* Release */ = {
			isa = XCBuildConfiguration;
			buildSettings = {
				BUNDLE_LOADER = "$(TEST_HOST)";
				INFOPLIST_FILE = RFKitDemoTests/Info.plist;
				LD_RUNPATH_SEARCH_PATHS = "$(inherited) @executable_path/Frameworks @loader_path/Frameworks";
				PRODUCT_BUNDLE_IDENTIFIER = RockyFung.RFKitDemoTests;
				PRODUCT_NAME = "$(TARGET_NAME)";
				TEST_HOST = "$(BUILT_PRODUCTS_DIR)/RFKitDemo.app/RFKitDemo";
			};
			name = Release;
		};
		5C63737D1D3F44E80064E0FF /* Debug */ = {
			isa = XCBuildConfiguration;
			buildSettings = {
				INFOPLIST_FILE = RFKitDemoUITests/Info.plist;
				LD_RUNPATH_SEARCH_PATHS = "$(inherited) @executable_path/Frameworks @loader_path/Frameworks";
				PRODUCT_BUNDLE_IDENTIFIER = RockyFung.RFKitDemoUITests;
				PRODUCT_NAME = "$(TARGET_NAME)";
				TEST_TARGET_NAME = RFKitDemo;
			};
			name = Debug;
		};
		5C63737E1D3F44E80064E0FF /* Release */ = {
			isa = XCBuildConfiguration;
			buildSettings = {
				INFOPLIST_FILE = RFKitDemoUITests/Info.plist;
				LD_RUNPATH_SEARCH_PATHS = "$(inherited) @executable_path/Frameworks @loader_path/Frameworks";
				PRODUCT_BUNDLE_IDENTIFIER = RockyFung.RFKitDemoUITests;
				PRODUCT_NAME = "$(TARGET_NAME)";
				TEST_TARGET_NAME = RFKitDemo;
			};
			name = Release;
		};
/* End XCBuildConfiguration section */

/* Begin XCConfigurationList section */
		5C6373441D3F44E80064E0FF /* Build configuration list for PBXProject "RFKitDemo" */ = {
			isa = XCConfigurationList;
			buildConfigurations = (
				5C6373741D3F44E80064E0FF /* Debug */,
				5C6373751D3F44E80064E0FF /* Release */,
			);
			defaultConfigurationIsVisible = 0;
			defaultConfigurationName = Release;
		};
		5C6373761D3F44E80064E0FF /* Build configuration list for PBXNativeTarget "RFKitDemo" */ = {
			isa = XCConfigurationList;
			buildConfigurations = (
				5C6373771D3F44E80064E0FF /* Debug */,
				5C6373781D3F44E80064E0FF /* Release */,
			);
			defaultConfigurationIsVisible = 0;
		};
		5C6373791D3F44E80064E0FF /* Build configuration list for PBXNativeTarget "RFKitDemoTests" */ = {
			isa = XCConfigurationList;
			buildConfigurations = (
				5C63737A1D3F44E80064E0FF /* Debug */,
				5C63737B1D3F44E80064E0FF /* Release */,
			);
			defaultConfigurationIsVisible = 0;
		};
		5C63737C1D3F44E80064E0FF /* Build configuration list for PBXNativeTarget "RFKitDemoUITests" */ = {
			isa = XCConfigurationList;
			buildConfigurations = (
				5C63737D1D3F44E80064E0FF /* Debug */,
				5C63737E1D3F44E80064E0FF /* Release */,
			);
			defaultConfigurationIsVisible = 0;
		};
/* End XCConfigurationList section */
	};
	rootObject = 5C6373411D3F44E80064E0FF /* Project object */;
}
